
Microsoft Visual Studio Solution File, Format Version 12.00
# Visual Studio Version 17
VisualStudioVersion = 17.14.36414.22 d17.14
MinimumVisualStudioVersion = 10.0.40219.1
Project("{FAE04EC0-301F-11D3-BF4B-00C04F79EFBC}") = "DataBinding.DataObject", "DataBinding.DataObject\DataBinding.DataObject.csproj", "{0CB61A10-EE57-4DCB-99E0-CD4FDA989A48}"
EndProject
Project("{FAE04EC0-301F-11D3-BF4B-00C04F79EFBC}") = "DataBinding.XamlElement", "DataBinding.XamlElement\DataBinding.XamlElement.csproj", "{9A7F2CB6-06A3-4709-8E64-BDCB4809081C}"
EndProject
Global
	GlobalSection(SolutionConfigurationPlatforms) = preSolution
		Debug|Any CPU = Debug|Any CPU
		Release|Any CPU = Release|Any CPU
	EndGlobalSection
	GlobalSection(ProjectConfigurationPlatforms) = postSolution
		{0CB61A10-EE57-4DCB-99E0-CD4FDA989A48}.Debug|Any CPU.ActiveCfg = Debug|Any CPU
		{0CB61A10-EE57-4DCB-99E0-CD4FDA989A48}.Debug|Any CPU.Build.0 = Debug|Any CPU
		{0CB61A10-EE57-4DCB-99E0-CD4FDA989A48}.Debug|Any CPU.Deploy.0 = Debug|Any CPU
		{0CB61A10-EE57-4DCB-99E0-CD4FDA989A48}.Release|Any CPU.ActiveCfg = Release|Any CPU
		{0CB61A10-EE57-4DCB-99E0-CD4FDA989A48}.Release|Any CPU.Build.0 = Release|Any CPU
		{9A7F2CB6-06A3-4709-8E64-BDCB4809081C}.Debug|Any CPU.ActiveCfg = Debug|Any CPU
		{9A7F2CB6-06A3-4709-8E64-BDCB4809081C}.Debug|Any CPU.Build.0 = Debug|Any CPU
		{9A7F2CB6-06A3-4709-8E64-BDCB4809081C}.Debug|Any CPU.Deploy.0 = Debug|Any CPU
		{9A7F2CB6-06A3-4709-8E64-BDCB4809081C}.Release|Any CPU.ActiveCfg = Release|Any CPU
		{9A7F2CB6-06A3-4709-8E64-BDCB4809081C}.Release|Any CPU.Build.0 = Release|Any CPU
	EndGlobalSection
	GlobalSection(SolutionProperties) = preSolution
		HideSolutionNode = FALSE
	EndGlobalSection
	GlobalSection(ExtensibilityGlobals) = postSolution
		SolutionGuid = {D6A266B3-8E1B-4E13-B42B-48E0EE3CD5E2}
	EndGlobalSection
EndGlobal
